
Microsoft Visual Studio Solution File, Format Version 12.00
# Visual Studio 15
VisualStudioVersion = 15.0.26403.7
MinimumVisualStudioVersion = 10.0.40219.1
Project("{2150E333-8FDC-42A3-9474-1A3956D46DE8}") = ".nuget", ".nuget", "{DFA48E27-7D53-4955-A722-3D91A7119BE7}"
	ProjectSection(SolutionItems) = preProject
		.nuget\NuGet.Config = .nuget\NuGet.Config
		.nuget\NuGet.exe = .nuget\NuGet.exe
		.nuget\NuGet.targets = .nuget\NuGet.targets
	EndProjectSection
EndProject
Project("{FAE04EC0-301F-11D3-BF4B-00C04F79EFBC}") = "YoYo.Cms.Core", "YoYo.Cms.Core\YoYo.Cms.Core.csproj", "{17298EA0-AF73-4F30-B6F1-2066100D7D74}"
	ProjectSection(ProjectDependencies) = postProject
		{06645FF6-A4FC-4A48-8B12-8A3CBD5752BA} = {06645FF6-A4FC-4A48-8B12-8A3CBD5752BA}
	EndProjectSection
EndProject
Project("{FAE04EC0-301F-11D3-BF4B-00C04F79EFBC}") = "YoYo.Cms.Application", "YoYo.Cms.Application\YoYo.Cms.Application.csproj", "{EDF5D964-4C0F-4F19-B674-58A38A5E5401}"
	ProjectSection(ProjectDependencies) = postProject
		{06645FF6-A4FC-4A48-8B12-8A3CBD5752BA} = {06645FF6-A4FC-4A48-8B12-8A3CBD5752BA}
	EndProjectSection
EndProject
Project("{FAE04EC0-301F-11D3-BF4B-00C04F79EFBC}") = "YoYo.Cms.EntityFramework", "YoYo.Cms.EntityFramework\YoYo.Cms.EntityFramework.csproj", "{3979F157-DEB0-4878-AB1D-4CEF6B5A1300}"
EndProject
Project("{FAE04EC0-301F-11D3-BF4B-00C04F79EFBC}") = "YoYo.Cms.Web", "YoYo.Cms.Web\YoYo.Cms.Web.csproj", "{897F6FD8-6F90-48E4-95A5-B4429B896205}"
	ProjectSection(ProjectDependencies) = postProject
		{06645FF6-A4FC-4A48-8B12-8A3CBD5752BA} = {06645FF6-A4FC-4A48-8B12-8A3CBD5752BA}
	EndProjectSection
EndProject
Project("{FAE04EC0-301F-11D3-BF4B-00C04F79EFBC}") = "YoYo.Cms.WebApi", "YoYo.Cms.WebApi\YoYo.Cms.WebApi.csproj", "{5EB52D3D-09FD-463A-B02A-8D9856BD3724}"
EndProject
Project("{2150E333-8FDC-42A3-9474-1A3956D46DE8}") = "Test", "Test", "{7E85C7E5-70BD-4C9D-B052-D95955F46609}"
EndProject
Project("{FAE04EC0-301F-11D3-BF4B-00C04F79EFBC}") = "YoYo.Cms.Tests", "Tests\YoYo.Cms.Tests\YoYo.Cms.Tests.csproj", "{C602C47E-F379-40A3-A146-4F19105B3491}"
EndProject
Project("{2150E333-8FDC-42A3-9474-1A3956D46DE8}") = "Tools", "Tools", "{7408541C-F99C-4197-B203-136115BD1CB9}"
EndProject
Project("{FAE04EC0-301F-11D3-BF4B-00C04F79EFBC}") = "YoYo.Cms.Migrator", "Tools\YoYo.Cms.Migrator\YoYo.Cms.Migrator.csproj", "{6F98C2F2-898A-421B-BE3D-68FE69EC0646}"
EndProject
Project("{FAE04EC0-301F-11D3-BF4B-00C04F79EFBC}") = "YoYo.Common", "YoYo.Common\YoYo.Common.csproj", "{06645FF6-A4FC-4A48-8B12-8A3CBD5752BA}"
EndProject
Global
	GlobalSection(SolutionConfigurationPlatforms) = preSolution
		Debug|Any CPU = Debug|Any CPU
		Release|Any CPU = Release|Any CPU
	EndGlobalSection
	GlobalSection(ProjectConfigurationPlatforms) = postSolution
		{17298EA0-AF73-4F30-B6F1-2066100D7D74}.Debug|Any CPU.ActiveCfg = Debug|Any CPU
		{17298EA0-AF73-4F30-B6F1-2066100D7D74}.Debug|Any CPU.Build.0 = Debug|Any CPU
		{17298EA0-AF73-4F30-B6F1-2066100D7D74}.Release|Any CPU.ActiveCfg = Release|Any CPU
		{17298EA0-AF73-4F30-B6F1-2066100D7D74}.Release|Any CPU.Build.0 = Release|Any CPU
		{EDF5D964-4C0F-4F19-B674-58A38A5E5401}.Debug|Any CPU.ActiveCfg = Debug|Any CPU
		{EDF5D964-4C0F-4F19-B674-58A38A5E5401}.Debug|Any CPU.Build.0 = Debug|Any CPU
		{EDF5D964-4C0F-4F19-B674-58A38A5E5401}.Release|Any CPU.ActiveCfg = Release|Any CPU
		{EDF5D964-4C0F-4F19-B674-58A38A5E5401}.Release|Any CPU.Build.0 = Release|Any CPU
		{3979F157-DEB0-4878-AB1D-4CEF6B5A1300}.Debug|Any CPU.ActiveCfg = Debug|Any CPU
		{3979F157-DEB0-4878-AB1D-4CEF6B5A1300}.Debug|Any CPU.Build.0 = Debug|Any CPU
		{3979F157-DEB0-4878-AB1D-4CEF6B5A1300}.Release|Any CPU.ActiveCfg = Release|Any CPU
		{3979F157-DEB0-4878-AB1D-4CEF6B5A1300}.Release|Any CPU.Build.0 = Release|Any CPU
		{897F6FD8-6F90-48E4-95A5-B4429B896205}.Debug|Any CPU.ActiveCfg = Debug|Any CPU
		{897F6FD8-6F90-48E4-95A5-B4429B896205}.Debug|Any CPU.Build.0 = Debug|Any CPU
		{897F6FD8-6F90-48E4-95A5-B4429B896205}.Release|Any CPU.ActiveCfg = Release|Any CPU
		{897F6FD8-6F90-48E4-95A5-B4429B896205}.Release|Any CPU.Build.0 = Release|Any CPU
		{5EB52D3D-09FD-463A-B02A-8D9856BD3724}.Debug|Any CPU.ActiveCfg = Debug|Any CPU
		{5EB52D3D-09FD-463A-B02A-8D9856BD3724}.Debug|Any CPU.Build.0 = Debug|Any CPU
		{5EB52D3D-09FD-463A-B02A-8D9856BD3724}.Release|Any CPU.ActiveCfg = Release|Any CPU
		{5EB52D3D-09FD-463A-B02A-8D9856BD3724}.Release|Any CPU.Build.0 = Release|Any CPU
		{C602C47E-F379-40A3-A146-4F19105B3491}.Debug|Any CPU.ActiveCfg = Debug|Any CPU
		{C602C47E-F379-40A3-A146-4F19105B3491}.Debug|Any CPU.Build.0 = Debug|Any CPU
		{C602C47E-F379-40A3-A146-4F19105B3491}.Release|Any CPU.ActiveCfg = Release|Any CPU
		{C602C47E-F379-40A3-A146-4F19105B3491}.Release|Any CPU.Build.0 = Release|Any CPU
		{6F98C2F2-898A-421B-BE3D-68FE69EC0646}.Debug|Any CPU.ActiveCfg = Debug|Any CPU
		{6F98C2F2-898A-421B-BE3D-68FE69EC0646}.Debug|Any CPU.Build.0 = Debug|Any CPU
		{6F98C2F2-898A-421B-BE3D-68FE69EC0646}.Release|Any CPU.ActiveCfg = Release|Any CPU
		{6F98C2F2-898A-421B-BE3D-68FE69EC0646}.Release|Any CPU.Build.0 = Release|Any CPU
		{06645FF6-A4FC-4A48-8B12-8A3CBD5752BA}.Debug|Any CPU.ActiveCfg = Debug|Any CPU
		{06645FF6-A4FC-4A48-8B12-8A3CBD5752BA}.Debug|Any CPU.Build.0 = Debug|Any CPU
		{06645FF6-A4FC-4A48-8B12-8A3CBD5752BA}.Release|Any CPU.ActiveCfg = Release|Any CPU
		{06645FF6-A4FC-4A48-8B12-8A3CBD5752BA}.Release|Any CPU.Build.0 = Release|Any CPU
	EndGlobalSection
	GlobalSection(SolutionProperties) = preSolution
		HideSolutionNode = FALSE
	EndGlobalSection
	GlobalSection(NestedProjects) = preSolution
		{C602C47E-F379-40A3-A146-4F19105B3491} = {7E85C7E5-70BD-4C9D-B052-D95955F46609}
		{6F98C2F2-898A-421B-BE3D-68FE69EC0646} = {7408541C-F99C-4197-B203-136115BD1CB9}
	EndGlobalSection
EndGlobal
